
Microsoft Visual Studio Solution File, Format Version 12.00
# Visual Studio Version 17
VisualStudioVersion = 17.6.33723.286
MinimumVisualStudioVersion = 10.0.40219.1
Project("{9A19103F-16F7-4668-BE54-9A1E7A4F7556}") = "MovieApp", "MovieApp\MovieApp.csproj", "{CE90B03C-DF8E-4430-BC1D-3817D48B9596}"
EndProject
Project("{FAE04EC0-301F-11D3-BF4B-00C04F79EFBC}") = "MovieApi", "MovieApi\MovieApi.csproj", "{EB88414B-A43F-462F-AB2E-7D9C503B7BBA}"
EndProject
Global
	GlobalSection(SolutionConfigurationPlatforms) = preSolution
		Debug|Any CPU = Debug|Any CPU
		Release|Any CPU = Release|Any CPU
	EndGlobalSection
	GlobalSection(ProjectConfigurationPlatforms) = postSolution
		{CE90B03C-DF8E-4430-BC1D-3817D48B9596}.Debug|Any CPU.ActiveCfg = Debug|Any CPU
		{CE90B03C-DF8E-4430-BC1D-3817D48B9596}.Debug|Any CPU.Build.0 = Debug|Any CPU
		{CE90B03C-DF8E-4430-BC1D-3817D48B9596}.Release|Any CPU.ActiveCfg = Release|Any CPU
		{CE90B03C-DF8E-4430-BC1D-3817D48B9596}.Release|Any CPU.Build.0 = Release|Any CPU
		{EB88414B-A43F-462F-AB2E-7D9C503B7BBA}.Debug|Any CPU.ActiveCfg = Debug|Any CPU
		{EB88414B-A43F-462F-AB2E-7D9C503B7BBA}.Debug|Any CPU.Build.0 = Debug|Any CPU
		{EB88414B-A43F-462F-AB2E-7D9C503B7BBA}.Release|Any CPU.ActiveCfg = Release|Any CPU
		{EB88414B-A43F-462F-AB2E-7D9C503B7BBA}.Release|Any CPU.Build.0 = Release|Any CPU
	EndGlobalSection
	GlobalSection(SolutionProperties) = preSolution
		HideSolutionNode = FALSE
	EndGlobalSection
	GlobalSection(ExtensibilityGlobals) = postSolution
		SolutionGuid = {D2E37D10-855A-4E60-9F71-C8CA764D2DE7}
	EndGlobalSection
EndGlobal
